
Microsoft Visual Studio Solution File, Format Version 12.00
# Visual Studio Version 17
VisualStudioVersion = 17.3.32819.101
MinimumVisualStudioVersion = 10.0.40219.1
Project("{FAE04EC0-301F-11D3-BF4B-00C04F79EFBC}") = "o19", "o19.csproj", "{1FB748B7-7E69-44D9-A131-50A4E53CFD5C}"
EndProject
Global
	GlobalSection(SolutionConfigurationPlatforms) = preSolution
		Debug|Any CPU = Debug|Any CPU
		Release|Any CPU = Release|Any CPU
	EndGlobalSection
	GlobalSection(ProjectConfigurationPlatforms) = postSolution
		{1FB748B7-7E69-44D9-A131-50A4E53CFD5C}.Debug|Any CPU.ActiveCfg = Debug|Any CPU
		{1FB748B7-7E69-44D9-A131-50A4E53CFD5C}.Debug|Any CPU.Build.0 = Debug|Any CPU
		{1FB748B7-7E69-44D9-A131-50A4E53CFD5C}.Release|Any CPU.ActiveCfg = Release|Any CPU
		{1FB748B7-7E69-44D9-A131-50A4E53CFD5C}.Release|Any CPU.Build.0 = Release|Any CPU
	EndGlobalSection
	GlobalSection(SolutionProperties) = preSolution
		HideSolutionNode = FALSE
	EndGlobalSection
	GlobalSection(ExtensibilityGlobals) = postSolution
		SolutionGuid = {1D26B5F7-EA22-49DE-8707-D3DB4FBCBC84}
	EndGlobalSection
EndGlobal
